// !$*UTF8*$!
{
	archiveVersion = 1;
	classes = {
	};
	objectVersion = 46;
	objects = {

/* Begin PBXBuildFile section */
		2591E5F82DE40FE6394238F6 /* Pods_horoscopeUITests.framework in Frameworks */ = {isa = PBXBuildFile; fileRef = 04760F0FD33BE20D6C07A673 /* Pods_horoscopeUITests.framework */; };
		682A6E721F72D95800141BB7 /* AppDelegate.swift in Sources */ = {isa = PBXBuildFile; fileRef = 682A6E711F72D95800141BB7 /* AppDelegate.swift */; };
		682A6E771F72D95800141BB7 /* Main.storyboard in Resources */ = {isa = PBXBuildFile; fileRef = 682A6E751F72D95800141BB7 /* Main.storyboard */; };
		682A6E7A1F72D95800141BB7 /* horoscope.xcdatamodeld in Sources */ = {isa = PBXBuildFile; fileRef = 682A6E781F72D95800141BB7 /* horoscope.xcdatamodeld */; };
		682A6E7C1F72D95800141BB7 /* Assets.xcassets in Resources */ = {isa = PBXBuildFile; fileRef = 682A6E7B1F72D95800141BB7 /* Assets.xcassets */; };
		682A6E7F1F72D95800141BB7 /* LaunchScreen.storyboard in Resources */ = {isa = PBXBuildFile; fileRef = 682A6E7D1F72D95800141BB7 /* LaunchScreen.storyboard */; };
		682A6E8A1F72D95800141BB7 /* horoscopeTests.swift in Sources */ = {isa = PBXBuildFile; fileRef = 682A6E891F72D95800141BB7 /* horoscopeTests.swift */; };
		682A6E951F72D95800141BB7 /* horoscopeUITests.swift in Sources */ = {isa = PBXBuildFile; fileRef = 682A6E941F72D95800141BB7 /* horoscopeUITests.swift */; };
		682A6EA31F72DB5B00141BB7 /* HoroscopeModel.swift in Sources */ = {isa = PBXBuildFile; fileRef = 682A6EA21F72DB5B00141BB7 /* HoroscopeModel.swift */; };
		682A6EA51F72E8D600141BB7 /* InfoViewController.swift in Sources */ = {isa = PBXBuildFile; fileRef = 682A6EA41F72E8D600141BB7 /* InfoViewController.swift */; };
		682A6EA71F73076500141BB7 /* SignTableViewController.swift in Sources */ = {isa = PBXBuildFile; fileRef = 682A6EA61F73076500141BB7 /* SignTableViewController.swift */; };
		A701024C0FE7C38EC864A92A /* Pods_horoscopeTests.framework in Frameworks */ = {isa = PBXBuildFile; fileRef = A8B201E05AC661970008EF64 /* Pods_horoscopeTests.framework */; };
		E130914EFDB18825C45C9152 /* Pods_horoscope.framework in Frameworks */ = {isa = PBXBuildFile; fileRef = 4E7CEC2C45E9F396558A2F5E /* Pods_horoscope.framework */; };
/* End PBXBuildFile section */

/* Begin PBXContainerItemProxy section */
		682A6E861F72D95800141BB7 /* PBXContainerItemProxy */ = {
			isa = PBXContainerItemProxy;
			containerPortal = 682A6E661F72D95800141BB7 /* Project object */;
			proxyType = 1;
			remoteGlobalIDString = 682A6E6D1F72D95800141BB7;
			remoteInfo = horoscope;
		};
		682A6E911F72D95800141BB7 /* PBXContainerItemProxy */ = {
			isa = PBXContainerItemProxy;
			containerPortal = 682A6E661F72D95800141BB7 /* Project object */;
			proxyType = 1;
			remoteGlobalIDString = 682A6E6D1F72D95800141BB7;
			remoteInfo = horoscope;
		};
/* End PBXContainerItemProxy section */

/* Begin PBXFileReference section */
		04760F0FD33BE20D6C07A673 /* Pods_horoscopeUITests.framework */ = {isa = PBXFileReference; explicitFileType = wrapper.framework; includeInIndex = 0; path = Pods_horoscopeUITests.framework; sourceTree = BUILT_PRODUCTS_DIR; };
		4E7CEC2C45E9F396558A2F5E /* Pods_horoscope.framework */ = {isa = PBXFileReference; explicitFileType = wrapper.framework; includeInIndex = 0; path = Pods_horoscope.framework; sourceTree = BUILT_PRODUCTS_DIR; };
		56966969E1860811682B1376 /* Pods-horoscopeTests.debug.xcconfig */ = {isa = PBXFileReference; includeInIndex = 1; lastKnownFileType = text.xcconfig; name = "Pods-horoscopeTests.debug.xcconfig"; path = "Pods/Target Support Files/Pods-horoscopeTests/Pods-horoscopeTests.debug.xcconfig"; sourceTree = "<group>"; };
		5F3EF5B8108B6AF6240E9B74 /* Pods-horoscopeUITests.release.xcconfig */ = {isa = PBXFileReference; includeInIndex = 1; lastKnownFileType = text.xcconfig; name = "Pods-horoscopeUITests.release.xcconfig"; path = "Pods/Target Support Files/Pods-horoscopeUITests/Pods-horoscopeUITests.release.xcconfig"; sourceTree = "<group>"; };
		66797B104BD3C550DDFED6D1 /* Pods-horoscopeTests.release.xcconfig */ = {isa = PBXFileReference; includeInIndex = 1; lastKnownFileType = text.xcconfig; name = "Pods-horoscopeTests.release.xcconfig"; path = "Pods/Target Support Files/Pods-horoscopeTests/Pods-horoscopeTests.release.xcconfig"; sourceTree = "<group>"; };
		682A6E6E1F72D95800141BB7 /* horoscope.app */ = {isa = PBXFileReference; explicitFileType = wrapper.application; includeInIndex = 0; path = horoscope.app; sourceTree = BUILT_PRODUCTS_DIR; };
		682A6E711F72D95800141BB7 /* AppDelegate.swift */ = {isa = PBXFileReference; lastKnownFileType = sourcecode.swift; path = AppDelegate.swift; sourceTree = "<group>"; };
		682A6E761F72D95800141BB7 /* Base */ = {isa = PBXFileReference; lastKnownFileType = file.storyboard; name = Base; path = Base.lproj/Main.storyboard; sourceTree = "<group>"; };
		682A6E791F72D95800141BB7 /* horoscope.xcdatamodel */ = {isa = PBXFileReference; lastKnownFileType = wrapper.xcdatamodel; path = horoscope.xcdatamodel; sourceTree = "<group>"; };
		682A6E7B1F72D95800141BB7 /* Assets.xcassets */ = {isa = PBXFileReference; lastKnownFileType = folder.assetcatalog; path = Assets.xcassets; sourceTree = "<group>"; };
		682A6E7E1F72D95800141BB7 /* Base */ = {isa = PBXFileReference; lastKnownFileType = file.storyboard; name = Base; path = Base.lproj/LaunchScreen.storyboard; sourceTree = "<group>"; };
		682A6E801F72D95800141BB7 /* Info.plist */ = {isa = PBXFileReference; lastKnownFileType = text.plist.xml; path = Info.plist; sourceTree = "<group>"; };
		682A6E851F72D95800141BB7 /* horoscopeTests.xctest */ = {isa = PBXFileReference; explicitFileType = wrapper.cfbundle; includeInIndex = 0; path = horoscopeTests.xctest; sourceTree = BUILT_PRODUCTS_DIR; };
		682A6E891F72D95800141BB7 /* horoscopeTests.swift */ = {isa = PBXFileReference; lastKnownFileType = sourcecode.swift; path = horoscopeTests.swift; sourceTree = "<group>"; };
		682A6E8B1F72D95800141BB7 /* Info.plist */ = {isa = PBXFileReference; lastKnownFileType = text.plist.xml; path = Info.plist; sourceTree = "<group>"; };
		682A6E901F72D95800141BB7 /* horoscopeUITests.xctest */ = {isa = PBXFileReference; explicitFileType = wrapper.cfbundle; includeInIndex = 0; path = horoscopeUITests.xctest; sourceTree = BUILT_PRODUCTS_DIR; };
		682A6E941F72D95800141BB7 /* horoscopeUITests.swift */ = {isa = PBXFileReference; lastKnownFileType = sourcecode.swift; path = horoscopeUITests.swift; sourceTree = "<group>"; };
		682A6E961F72D95800141BB7 /* Info.plist */ = {isa = PBXFileReference; lastKnownFileType = text.plist.xml; path = Info.plist; sourceTree = "<group>"; };
		682A6EA21F72DB5B00141BB7 /* HoroscopeModel.swift */ = {isa = PBXFileReference; fileEncoding = 4; lastKnownFileType = sourcecode.swift; path = HoroscopeModel.swift; sourceTree = "<group>"; };
		682A6EA41F72E8D600141BB7 /* InfoViewController.swift */ = {isa = PBXFileReference; fileEncoding = 4; lastKnownFileType = sourcecode.swift; path = InfoViewController.swift; sourceTree = "<group>"; };
		682A6EA61F73076500141BB7 /* SignTableViewController.swift */ = {isa = PBXFileReference; fileEncoding = 4; lastKnownFileType = sourcecode.swift; path = SignTableViewController.swift; sourceTree = "<group>"; };
		6BABA7475654D1AF8AC815D0 /* Pods-horoscope.debug.xcconfig */ = {isa = PBXFileReference; includeInIndex = 1; lastKnownFileType = text.xcconfig; name = "Pods-horoscope.debug.xcconfig"; path = "Pods/Target Support Files/Pods-horoscope/Pods-horoscope.debug.xcconfig"; sourceTree = "<group>"; };
		A8B201E05AC661970008EF64 /* Pods_horoscopeTests.framework */ = {isa = PBXFileReference; explicitFileType = wrapper.framework; includeInIndex = 0; path = Pods_horoscopeTests.framework; sourceTree = BUILT_PRODUCTS_DIR; };
		D50FF82A3207FD890118A6E4 /* Pods-horoscope.release.xcconfig */ = {isa = PBXFileReference; includeInIndex = 1; lastKnownFileType = text.xcconfig; name = "Pods-horoscope.release.xcconfig"; path = "Pods/Target Support Files/Pods-horoscope/Pods-horoscope.release.xcconfig"; sourceTree = "<group>"; };
		EE524A06EB102649AA295D7D /* Pods-horoscopeUITests.debug.xcconfig */ = {isa = PBXFileReference; includeInIndex = 1; lastKnownFileType = text.xcconfig; name = "Pods-horoscopeUITests.debug.xcconfig"; path = "Pods/Target Support Files/Pods-horoscopeUITests/Pods-horoscopeUITests.debug.xcconfig"; sourceTree = "<group>"; };
/* End PBXFileReference section */

/* Begin PBXFrameworksBuildPhase section */
		682A6E6B1F72D95800141BB7 /* Frameworks */ = {
			isa = PBXFrameworksBuildPhase;
			buildActionMask = 2147483647;
			files = (
				E130914EFDB18825C45C9152 /* Pods_horoscope.framework in Frameworks */,
			);
			runOnlyForDeploymentPostprocessing = 0;
		};
		682A6E821F72D95800141BB7 /* Frameworks */ = {
			isa = PBXFrameworksBuildPhase;
			buildActionMask = 2147483647;
			files = (
				A701024C0FE7C38EC864A92A /* Pods_horoscopeTests.framework in Frameworks */,
			);
			runOnlyForDeploymentPostprocessing = 0;
		};
		682A6E8D1F72D95800141BB7 /* Frameworks */ = {
			isa = PBXFrameworksBuildPhase;
			buildActionMask = 2147483647;
			files = (
				2591E5F82DE40FE6394238F6 /* Pods_horoscopeUITests.framework in Frameworks */,
			);
			runOnlyForDeploymentPostprocessing = 0;
		};
/* End PBXFrameworksBuildPhase section */

/* Begin PBXGroup section */
		19FF3FB9558791AE241B0AF2 /* Frameworks */ = {
			isa = PBXGroup;
			children = (
				4E7CEC2C45E9F396558A2F5E /* Pods_horoscope.framework */,
				A8B201E05AC661970008EF64 /* Pods_horoscopeTests.framework */,
				04760F0FD33BE20D6C07A673 /* Pods_horoscopeUITests.framework */,
			);
			name = Frameworks;
			sourceTree = "<group>";
		};
		4FC4660CF9D8BAAAD74E6F93 /* Pods */ = {
			isa = PBXGroup;
			children = (
				6BABA7475654D1AF8AC815D0 /* Pods-horoscope.debug.xcconfig */,
				D50FF82A3207FD890118A6E4 /* Pods-horoscope.release.xcconfig */,
				56966969E1860811682B1376 /* Pods-horoscopeTests.debug.xcconfig */,
				66797B104BD3C550DDFED6D1 /* Pods-horoscopeTests.release.xcconfig */,
				EE524A06EB102649AA295D7D /* Pods-horoscopeUITests.debug.xcconfig */,
				5F3EF5B8108B6AF6240E9B74 /* Pods-horoscopeUITests.release.xcconfig */,
			);
			name = Pods;
			sourceTree = "<group>";
		};
		682A6E651F72D95800141BB7 = {
			isa = PBXGroup;
			children = (
				682A6E701F72D95800141BB7 /* horoscope */,
				682A6E881F72D95800141BB7 /* horoscopeTests */,
				682A6E931F72D95800141BB7 /* horoscopeUITests */,
				682A6E6F1F72D95800141BB7 /* Products */,
				4FC4660CF9D8BAAAD74E6F93 /* Pods */,
				19FF3FB9558791AE241B0AF2 /* Frameworks */,
			);
			sourceTree = "<group>";
		};
		682A6E6F1F72D95800141BB7 /* Products */ = {
			isa = PBXGroup;
			children = (
				682A6E6E1F72D95800141BB7 /* horoscope.app */,
				682A6E851F72D95800141BB7 /* horoscopeTests.xctest */,
				682A6E901F72D95800141BB7 /* horoscopeUITests.xctest */,
			);
			name = Products;
			sourceTree = "<group>";
		};
		682A6E701F72D95800141BB7 /* horoscope */ = {
			isa = PBXGroup;
			children = (
				682A6E711F72D95800141BB7 /* AppDelegate.swift */,
				682A6EA61F73076500141BB7 /* SignTableViewController.swift */,
				682A6E751F72D95800141BB7 /* Main.storyboard */,
				682A6EA41F72E8D600141BB7 /* InfoViewController.swift */,
				682A6E7B1F72D95800141BB7 /* Assets.xcassets */,
				682A6E7D1F72D95800141BB7 /* LaunchScreen.storyboard */,
				682A6E801F72D95800141BB7 /* Info.plist */,
				682A6EA21F72DB5B00141BB7 /* HoroscopeModel.swift */,
				682A6E781F72D95800141BB7 /* horoscope.xcdatamodeld */,
			);
			path = horoscope;
			sourceTree = "<group>";
		};
		682A6E881F72D95800141BB7 /* horoscopeTests */ = {
			isa = PBXGroup;
			children = (
				682A6E891F72D95800141BB7 /* horoscopeTests.swift */,
				682A6E8B1F72D95800141BB7 /* Info.plist */,
			);
			path = horoscopeTests;
			sourceTree = "<group>";
		};
		682A6E931F72D95800141BB7 /* horoscopeUITests */ = {
			isa = PBXGroup;
			children = (
				682A6E941F72D95800141BB7 /* horoscopeUITests.swift */,
				682A6E961F72D95800141BB7 /* Info.plist */,
			);
			path = horoscopeUITests;
			sourceTree = "<group>";
		};
/* End PBXGroup section */

/* Begin PBXNativeTarget section */
		682A6E6D1F72D95800141BB7 /* horoscope */ = {
			isa = PBXNativeTarget;
			buildConfigurationList = 682A6E991F72D95800141BB7 /* Build configuration list for PBXNativeTarget "horoscope" */;
			buildPhases = (
				5EDE8F78B23B705796FE2593 /* [CP] Check Pods Manifest.lock */,
				682A6E6A1F72D95800141BB7 /* Sources */,
				682A6E6B1F72D95800141BB7 /* Frameworks */,
				682A6E6C1F72D95800141BB7 /* Resources */,
				5DFA35CD6670DA10F5108E01 /* [CP] Embed Pods Frameworks */,
				0B2D266AC40E49ABF227C518 /* [CP] Copy Pods Resources */,
			);
			buildRules = (
			);
			dependencies = (
			);
			name = horoscope;
			productName = horoscope;
			productReference = 682A6E6E1F72D95800141BB7 /* horoscope.app */;
			productType = "com.apple.product-type.application";
		};
		682A6E841F72D95800141BB7 /* horoscopeTests */ = {
			isa = PBXNativeTarget;
			buildConfigurationList = 682A6E9C1F72D95800141BB7 /* Build configuration list for PBXNativeTarget "horoscopeTests" */;
			buildPhases = (
				5B7B85F6147C05D2F3CAF142 /* [CP] Check Pods Manifest.lock */,
				682A6E811F72D95800141BB7 /* Sources */,
				682A6E821F72D95800141BB7 /* Frameworks */,
				682A6E831F72D95800141BB7 /* Resources */,
				22DE85F77369B4A49BDE219D /* [CP] Embed Pods Frameworks */,
				9324F979BDD12387943450FF /* [CP] Copy Pods Resources */,
			);
			buildRules = (
			);
			dependencies = (
				682A6E871F72D95800141BB7 /* PBXTargetDependency */,
			);
			name = horoscopeTests;
			productName = horoscopeTests;
			productReference = 682A6E851F72D95800141BB7 /* horoscopeTests.xctest */;
			productType = "com.apple.product-type.bundle.unit-test";
		};
		682A6E8F1F72D95800141BB7 /* horoscopeUITests */ = {
			isa = PBXNativeTarget;
			buildConfigurationList = 682A6E9F1F72D95800141BB7 /* Build configuration list for PBXNativeTarget "horoscopeUITests" */;
			buildPhases = (
				97C35F2976527E265F2CD50B /* [CP] Check Pods Manifest.lock */,
				682A6E8C1F72D95800141BB7 /* Sources */,
				682A6E8D1F72D95800141BB7 /* Frameworks */,
				682A6E8E1F72D95800141BB7 /* Resources */,
				0AD55CFEC01C71A906701ABE /* [CP] Embed Pods Frameworks */,
				8EA9D2E0B75268A29A1FF0F8 /* [CP] Copy Pods Resources */,
			);
			buildRules = (
			);
			dependencies = (
				682A6E921F72D95800141BB7 /* PBXTargetDependency */,
			);
			name = horoscopeUITests;
			productName = horoscopeUITests;
			productReference = 682A6E901F72D95800141BB7 /* horoscopeUITests.xctest */;
			productType = "com.apple.product-type.bundle.ui-testing";
		};
/* End PBXNativeTarget section */

/* Begin PBXProject section */
		682A6E661F72D95800141BB7 /* Project object */ = {
			isa = PBXProject;
			attributes = {
				LastSwiftUpdateCheck = 0830;
				LastUpgradeCheck = 0830;
				ORGANIZATIONNAME = "Vincent Vole";
				TargetAttributes = {
					682A6E6D1F72D95800141BB7 = {
						CreatedOnToolsVersion = 8.3.3;
						ProvisioningStyle = Automatic;
					};
					682A6E841F72D95800141BB7 = {
						CreatedOnToolsVersion = 8.3.3;
						ProvisioningStyle = Automatic;
						TestTargetID = 682A6E6D1F72D95800141BB7;
					};
					682A6E8F1F72D95800141BB7 = {
						CreatedOnToolsVersion = 8.3.3;
						ProvisioningStyle = Automatic;
						TestTargetID = 682A6E6D1F72D95800141BB7;
					};
				};
			};
			buildConfigurationList = 682A6E691F72D95800141BB7 /* Build configuration list for PBXProject "horoscope" */;
			compatibilityVersion = "Xcode 3.2";
			developmentRegion = English;
			hasScannedForEncodings = 0;
			knownRegions = (
				en,
				Base,
			);
			mainGroup = 682A6E651F72D95800141BB7;
			productRefGroup = 682A6E6F1F72D95800141BB7 /* Products */;
			projectDirPath = "";
			projectRoot = "";
			targets = (
				682A6E6D1F72D95800141BB7 /* horoscope */,
				682A6E841F72D95800141BB7 /* horoscopeTests */,
				682A6E8F1F72D95800141BB7 /* horoscopeUITests */,
			);
		};
/* End PBXProject section */

/* Begin PBXResourcesBuildPhase section */
		682A6E6C1F72D95800141BB7 /* Resources */ = {
			isa = PBXResourcesBuildPhase;
			buildActionMask = 2147483647;
			files = (
				682A6E7F1F72D95800141BB7 /* LaunchScreen.storyboard in Resources */,
				682A6E7C1F72D95800141BB7 /* Assets.xcassets in Resources */,
				682A6E771F72D95800141BB7 /* Main.storyboard in Resources */,
			);
			runOnlyForDeploymentPostprocessing = 0;
		};
		682A6E831F72D95800141BB7 /* Resources */ = {
			isa = PBXResourcesBuildPhase;
			buildActionMask = 2147483647;
			files = (
			);
			runOnlyForDeploymentPostprocessing = 0;
		};
		682A6E8E1F72D95800141BB7 /* Resources */ = {
			isa = PBXResourcesBuildPhase;
			buildActionMask = 2147483647;
			files = (
			);
			runOnlyForDeploymentPostprocessing = 0;
		};
/* End PBXResourcesBuildPhase section */

/* Begin PBXShellScriptBuildPhase section */
		0AD55CFEC01C71A906701ABE /* [CP] Embed Pods Frameworks */ = {
			isa = PBXShellScriptBuildPhase;
			buildActionMask = 2147483647;
			files = (
			);
			inputPaths = (
			);
			name = "[CP] Embed Pods Frameworks";
			outputPaths = (
			);
			runOnlyForDeploymentPostprocessing = 0;
			shellPath = /bin/sh;
			shellScript = "\"${SRCROOT}/Pods/Target Support Files/Pods-horoscopeUITests/Pods-horoscopeUITests-frameworks.sh\"\n";
			showEnvVarsInLog = 0;
		};
		0B2D266AC40E49ABF227C518 /* [CP] Copy Pods Resources */ = {
			isa = PBXShellScriptBuildPhase;
			buildActionMask = 2147483647;
			files = (
			);
			inputPaths = (
			);
			name = "[CP] Copy Pods Resources";
			outputPaths = (
			);
			runOnlyForDeploymentPostprocessing = 0;
			shellPath = /bin/sh;
			shellScript = "\"${SRCROOT}/Pods/Target Support Files/Pods-horoscope/Pods-horoscope-resources.sh\"\n";
			showEnvVarsInLog = 0;
		};
		22DE85F77369B4A49BDE219D /* [CP] Embed Pods Frameworks */ = {
			isa = PBXShellScriptBuildPhase;
			buildActionMask = 2147483647;
			files = (
			);
			inputPaths = (
			);
			name = "[CP] Embed Pods Frameworks";
			outputPaths = (
			);
			runOnlyForDeploymentPostprocessing = 0;
			shellPath = /bin/sh;
			shellScript = "\"${SRCROOT}/Pods/Target Support Files/Pods-horoscopeTests/Pods-horoscopeTests-frameworks.sh\"\n";
			showEnvVarsInLog = 0;
		};
		5B7B85F6147C05D2F3CAF142 /* [CP] Check Pods Manifest.lock */ = {
			isa = PBXShellScriptBuildPhase;
			buildActionMask = 2147483647;
			files = (
			);
			inputPaths = (
				"${PODS_PODFILE_DIR_PATH}/Podfile.lock",
				"${PODS_ROOT}/Manifest.lock",
			);
			name = "[CP] Check Pods Manifest.lock";
			outputPaths = (
				"$(DERIVED_FILE_DIR)/Pods-horoscopeTests-checkManifestLockResult.txt",
			);
			runOnlyForDeploymentPostprocessing = 0;
			shellPath = /bin/sh;
			shellScript = "diff \"${PODS_PODFILE_DIR_PATH}/Podfile.lock\" \"${PODS_ROOT}/Manifest.lock\" > /dev/null\nif [ $? != 0 ] ; then\n    # print error to STDERR\n    echo \"error: The sandbox is not in sync with the Podfile.lock. Run 'pod install' or update your CocoaPods installation.\" >&2\n    exit 1\nfi\n# This output is used by Xcode 'outputs' to avoid re-running this script phase.\necho \"SUCCESS\" > \"${SCRIPT_OUTPUT_FILE_0}\"\n";
			showEnvVarsInLog = 0;
		};
		5DFA35CD6670DA10F5108E01 /* [CP] Embed Pods Frameworks */ = {
			isa = PBXShellScriptBuildPhase;
			buildActionMask = 2147483647;
			files = (
			);
			inputPaths = (
				"${SRCROOT}/Pods/Target Support Files/Pods-horoscope/Pods-horoscope-frameworks.sh",
				"${BUILT_PRODUCTS_DIR}/SwiftyJSON/SwiftyJSON.framework",
			);
			name = "[CP] Embed Pods Frameworks";
			outputPaths = (
				"${TARGET_BUILD_DIR}/${FRAMEWORKS_FOLDER_PATH}/SwiftyJSON.framework",
			);
			runOnlyForDeploymentPostprocessing = 0;
			shellPath = /bin/sh;
			shellScript = "\"${SRCROOT}/Pods/Target Support Files/Pods-horoscope/Pods-horoscope-frameworks.sh\"\n";
			showEnvVarsInLog = 0;
		};
		5EDE8F78B23B705796FE2593 /* [CP] Check Pods Manifest.lock */ = {
			isa = PBXShellScriptBuildPhase;
			buildActionMask = 2147483647;
			files = (
			);
			inputPaths = (
				"${PODS_PODFILE_DIR_PATH}/Podfile.lock",
				"${PODS_ROOT}/Manifest.lock",
			);
			name = "[CP] Check Pods Manifest.lock";
			outputPaths = (
				"$(DERIVED_FILE_DIR)/Pods-horoscope-checkManifestLockResult.txt",
			);
			runOnlyForDeploymentPostprocessing = 0;
			shellPath = /bin/sh;
			shellScript = "diff \"${PODS_PODFILE_DIR_PATH}/Podfile.lock\" \"${PODS_ROOT}/Manifest.lock\" > /dev/null\nif [ $? != 0 ] ; then\n    # print error to STDERR\n    echo \"error: The sandbox is not in sync with the Podfile.lock. Run 'pod install' or update your CocoaPods installation.\" >&2\n    exit 1\nfi\n# This output is used by Xcode 'outputs' to avoid re-running this script phase.\necho \"SUCCESS\" > \"${SCRIPT_OUTPUT_FILE_0}\"\n";
			showEnvVarsInLog = 0;
		};
		8EA9D2E0B75268A29A1FF0F8 /* [CP] Copy Pods Resources */ = {
			isa = PBXShellScriptBuildPhase;
			buildActionMask = 2147483647;
			files = (
			);
			inputPaths = (
			);
			name = "[CP] Copy Pods Resources";
			outputPaths = (
			);
			runOnlyForDeploymentPostprocessing = 0;
			shellPath = /bin/sh;
			shellScript = "\"${SRCROOT}/Pods/Target Support Files/Pods-horoscopeUITests/Pods-horoscopeUITests-resources.sh\"\n";
			showEnvVarsInLog = 0;
		};
		9324F979BDD12387943450FF /* [CP] Copy Pods Resources */ = {
			isa = PBXShellScriptBuildPhase;
			buildActionMask = 2147483647;
			files = (
			);
			inputPaths = (
			);
			name = "[CP] Copy Pods Resources";
			outputPaths = (
			);
			runOnlyForDeploymentPostprocessing = 0;
			shellPath = /bin/sh;
			shellScript = "\"${SRCROOT}/Pods/Target Support Files/Pods-horoscopeTests/Pods-horoscopeTests-resources.sh\"\n";
			showEnvVarsInLog = 0;
		};
		97C35F2976527E265F2CD50B /* [CP] Check Pods Manifest.lock */ = {
			isa = PBXShellScriptBuildPhase;
			buildActionMask = 2147483647;
			files = (
			);
			inputPaths = (
				"${PODS_PODFILE_DIR_PATH}/Podfile.lock",
				"${PODS_ROOT}/Manifest.lock",
			);
			name = "[CP] Check Pods Manifest.lock";
			outputPaths = (
				"$(DERIVED_FILE_DIR)/Pods-horoscopeUITests-checkManifestLockResult.txt",
			);
			runOnlyForDeploymentPostprocessing = 0;
			shellPath = /bin/sh;
			shellScript = "diff \"${PODS_PODFILE_DIR_PATH}/Podfile.lock\" \"${PODS_ROOT}/Manifest.lock\" > /dev/null\nif [ $? != 0 ] ; then\n    # print error to STDERR\n    echo \"error: The sandbox is not in sync with the Podfile.lock. Run 'pod install' or update your CocoaPods installation.\" >&2\n    exit 1\nfi\n# This output is used by Xcode 'outputs' to avoid re-running this script phase.\necho \"SUCCESS\" > \"${SCRIPT_OUTPUT_FILE_0}\"\n";
			showEnvVarsInLog = 0;
		};
/* End PBXShellScriptBuildPhase section */

/* Begin PBXSourcesBuildPhase section */
		682A6E6A1F72D95800141BB7 /* Sources */ = {
			isa = PBXSourcesBuildPhase;
			buildActionMask = 2147483647;
			files = (
				682A6E7A1F72D95800141BB7 /* horoscope.xcdatamodeld in Sources */,
				682A6EA71F73076500141BB7 /* SignTableViewController.swift in Sources */,
				682A6EA31F72DB5B00141BB7 /* HoroscopeModel.swift in Sources */,
				682A6E721F72D95800141BB7 /* AppDelegate.swift in Sources */,
				682A6EA51F72E8D600141BB7 /* InfoViewController.swift in Sources */,
			);
			runOnlyForDeploymentPostprocessing = 0;
		};
		682A6E811F72D95800141BB7 /* Sources */ = {
			isa = PBXSourcesBuildPhase;
			buildActionMask = 2147483647;
			files = (
				682A6E8A1F72D95800141BB7 /* horoscopeTests.swift in Sources */,
			);
			runOnlyForDeploymentPostprocessing = 0;
		};
		682A6E8C1F72D95800141BB7 /* Sources */ = {
			isa = PBXSourcesBuildPhase;
			buildActionMask = 2147483647;
			files = (
				682A6E951F72D95800141BB7 /* horoscopeUITests.swift in Sources */,
			);
			runOnlyForDeploymentPostprocessing = 0;
		};
/* End PBXSourcesBuildPhase section */

/* Begin PBXTargetDependency section */
		682A6E871F72D95800141BB7 /* PBXTargetDependency */ = {
			isa = PBXTargetDependency;
			target = 682A6E6D1F72D95800141BB7 /* horoscope */;
			targetProxy = 682A6E861F72D95800141BB7 /* PBXContainerItemProxy */;
		};
		682A6E921F72D95800141BB7 /* PBXTargetDependency */ = {
			isa = PBXTargetDependency;
			target = 682A6E6D1F72D95800141BB7 /* horoscope */;
			targetProxy = 682A6E911F72D95800141BB7 /* PBXContainerItemProxy */;
		};
/* End PBXTargetDependency section */

/* Begin PBXVariantGroup section */
		682A6E751F72D95800141BB7 /* Main.storyboard */ = {
			isa = PBXVariantGroup;
			children = (
				682A6E761F72D95800141BB7 /* Base */,
			);
			name = Main.storyboard;
			sourceTree = "<group>";
		};
		682A6E7D1F72D95800141BB7 /* LaunchScreen.storyboard */ = {
			isa = PBXVariantGroup;
			children = (
				682A6E7E1F72D95800141BB7 /* Base */,
			);
			name = LaunchScreen.storyboard;
			sourceTree = "<group>";
		};
/* End PBXVariantGroup section */

/* Begin XCBuildConfiguration section */
		682A6E971F72D95800141BB7 /* Debug */ = {
			isa = XCBuildConfiguration;
			buildSettings = {
				ALWAYS_SEARCH_USER_PATHS = NO;
				CLANG_ANALYZER_NONNULL = YES;
				CLANG_ANALYZER_NUMBER_OBJECT_CONVERSION = YES_AGGRESSIVE;
				CLANG_CXX_LANGUAGE_STANDARD = "gnu++0x";
				CLANG_CXX_LIBRARY = "libc++";
				CLANG_ENABLE_MODULES = YES;
				CLANG_ENABLE_OBJC_ARC = YES;
				CLANG_WARN_BOOL_CONVERSION = YES;
				CLANG_WARN_CONSTANT_CONVERSION = YES;
				CLANG_WARN_DIRECT_OBJC_ISA_USAGE = YES_ERROR;
				CLANG_WARN_DOCUMENTATION_COMMENTS = YES;
				CLANG_WARN_EMPTY_BODY = YES;
				CLANG_WARN_ENUM_CONVERSION = YES;
				CLANG_WARN_INFINITE_RECURSION = YES;
				CLANG_WARN_INT_CONVERSION = YES;
				CLANG_WARN_OBJC_ROOT_CLASS = YES_ERROR;
				CLANG_WARN_SUSPICIOUS_MOVE = YES;
				CLANG_WARN_UNREACHABLE_CODE = YES;
				CLANG_WARN__DUPLICATE_METHOD_MATCH = YES;
				"CODE_SIGN_IDENTITY[sdk=iphoneos*]" = "iPhone Developer";
				COPY_PHASE_STRIP = NO;
				DEBUG_INFORMATION_FORMAT = dwarf;
				ENABLE_STRICT_OBJC_MSGSEND = YES;
				ENABLE_TESTABILITY = YES;
				GCC_C_LANGUAGE_STANDARD = gnu99;
				GCC_DYNAMIC_NO_PIC = NO;
				GCC_NO_COMMON_BLOCKS = YES;
				GCC_OPTIMIZATION_LEVEL = 0;
				GCC_PREPROCESSOR_DEFINITIONS = (
					"DEBUG=1",
					"$(inherited)",
				);
				GCC_WARN_64_TO_32_BIT_CONVERSION = YES;
				GCC_WARN_ABOUT_RETURN_TYPE = YES_ERROR;
				GCC_WARN_UNDECLARED_SELECTOR = YES;
				GCC_WARN_UNINITIALIZED_AUTOS = YES_AGGRESSIVE;
				GCC_WARN_UNUSED_FUNCTION = YES;
				GCC_WARN_UNUSED_VARIABLE = YES;
				IPHONEOS_DEPLOYMENT_TARGET = 10.3;
				MTL_ENABLE_DEBUG_INFO = YES;
				ONLY_ACTIVE_ARCH = YES;
				SDKROOT = iphoneos;
				SWIFT_ACTIVE_COMPILATION_CONDITIONS = DEBUG;
				SWIFT_OPTIMIZATION_LEVEL = "-Onone";
				TARGETED_DEVICE_FAMILY = "1,2";
			};
			name = Debug;
		};
		682A6E981F72D95800141BB7 /* Release */ = {
			isa = XCBuildConfiguration;
			buildSettings = {
				ALWAYS_SEARCH_USER_PATHS = NO;
				CLANG_ANALYZER_NONNULL = YES;
				CLANG_ANALYZER_NUMBER_OBJECT_CONVERSION = YES_AGGRESSIVE;
				CLANG_CXX_LANGUAGE_STANDARD = "gnu++0x";
				CLANG_CXX_LIBRARY = "libc++";
				CLANG_ENABLE_MODULES = YES;
				CLANG_ENABLE_OBJC_ARC = YES;
				CLANG_WARN_BOOL_CONVERSION = YES;
				CLANG_WARN_CONSTANT_CONVERSION = YES;
				CLANG_WARN_DIRECT_OBJC_ISA_USAGE = YES_ERROR;
				CLANG_WARN_DOCUMENTATION_COMMENTS = YES;
				CLANG_WARN_EMPTY_BODY = YES;
				CLANG_WARN_ENUM_CONVERSION = YES;
				CLANG_WARN_INFINITE_RECURSION = YES;
				CLANG_WARN_INT_CONVERSION = YES;
				CLANG_WARN_OBJC_ROOT_CLASS = YES_ERROR;
				CLANG_WARN_SUSPICIOUS_MOVE = YES;
				CLANG_WARN_UNREACHABLE_CODE = YES;
				CLANG_WARN__DUPLICATE_METHOD_MATCH = YES;
				"CODE_SIGN_IDENTITY[sdk=iphoneos*]" = "iPhone Developer";
				COPY_PHASE_STRIP = NO;
				DEBUG_INFORMATION_FORMAT = "dwarf-with-dsym";
				ENABLE_NS_ASSERTIONS = NO;
				ENABLE_STRICT_OBJC_MSGSEND = YES;
				GCC_C_LANGUAGE_STANDARD = gnu99;
				GCC_NO_COMMON_BLOCKS = YES;
				GCC_WARN_64_TO_32_BIT_CONVERSION = YES;
				GCC_WARN_ABOUT_RETURN_TYPE = YES_ERROR;
				GCC_WARN_UNDECLARED_SELECTOR = YES;
				GCC_WARN_UNINITIALIZED_AUTOS = YES_AGGRESSIVE;
				GCC_WARN_UNUSED_FUNCTION = YES;
				GCC_WARN_UNUSED_VARIABLE = YES;
				IPHONEOS_DEPLOYMENT_TARGET = 10.3;
				MTL_ENABLE_DEBUG_INFO = NO;
				SDKROOT = iphoneos;
				SWIFT_OPTIMIZATION_LEVEL = "-Owholemodule";
				TARGETED_DEVICE_FAMILY = "1,2";
				VALIDATE_PRODUCT = YES;
			};
			name = Release;
		};
		682A6E9A1F72D95800141BB7 /* Debug */ = {
			isa = XCBuildConfiguration;
			baseConfigurationReference = 6BABA7475654D1AF8AC815D0 /* Pods-horoscope.debug.xcconfig */;
			buildSettings = {
				ASSETCATALOG_COMPILER_APPICON_NAME = AppIcon;
				INFOPLIST_FILE = horoscope/Info.plist;
				LD_RUNPATH_SEARCH_PATHS = "$(inherited) @executable_path/Frameworks";
				PRODUCT_BUNDLE_IDENTIFIER = com.ureshineko.horoscope;
				PRODUCT_NAME = "$(TARGET_NAME)";
				SWIFT_VERSION = 3.0;
			};
			name = Debug;
		};
		682A6E9B1F72D95800141BB7 /* Release */ = {
			isa = XCBuildConfiguration;
			baseConfigurationReference = D50FF82A3207FD890118A6E4 /* Pods-horoscope.release.xcconfig */;
			buildSettings = {
				ASSETCATALOG_COMPILER_APPICON_NAME = AppIcon;
				INFOPLIST_FILE = horoscope/Info.plist;
				LD_RUNPATH_SEARCH_PATHS = "$(inherited) @executable_path/Frameworks";
				PRODUCT_BUNDLE_IDENTIFIER = com.ureshineko.horoscope;
				PRODUCT_NAME = "$(TARGET_NAME)";
				SWIFT_VERSION = 3.0;
			};
			name = Release;
		};
		682A6E9D1F72D95800141BB7 /* Debug */ = {
			isa = XCBuildConfiguration;
			baseConfigurationReference = 56966969E1860811682B1376 /* Pods-horoscopeTests.debug.xcconfig */;
			buildSettings = {
				ALWAYS_EMBED_SWIFT_STANDARD_LIBRARIES = YES;
				BUNDLE_LOADER = "$(TEST_HOST)";
				INFOPLIST_FILE = horoscopeTests/Info.plist;
				LD_RUNPATH_SEARCH_PATHS = "$(inherited) @executable_path/Frameworks @loader_path/Frameworks";
				PRODUCT_BUNDLE_IDENTIFIER = com.ureshineko.horoscopeTests;
				PRODUCT_NAME = "$(TARGET_NAME)";
				SWIFT_VERSION = 3.0;
				TEST_HOST = "$(BUILT_PRODUCTS_DIR)/horoscope.app/horoscope";
			};
			name = Debug;
		};
		682A6E9E1F72D95800141BB7 /* Release */ = {
			isa = XCBuildConfiguration;
			baseConfigurationReference = 66797B104BD3C550DDFED6D1 /* Pods-horoscopeTests.release.xcconfig */;
			buildSettings = {
				ALWAYS_EMBED_SWIFT_STANDARD_LIBRARIES = YES;
				BUNDLE_LOADER = "$(TEST_HOST)";
				INFOPLIST_FILE = horoscopeTests/Info.plist;
				LD_RUNPATH_SEARCH_PATHS = "$(inherited) @executable_path/Frameworks @loader_path/Frameworks";
				PRODUCT_BUNDLE_IDENTIFIER = com.ureshineko.horoscopeTests;
				PRODUCT_NAME = "$(TARGET_NAME)";
				SWIFT_VERSION = 3.0;
				TEST_HOST = "$(BUILT_PRODUCTS_DIR)/horoscope.app/horoscope";
			};
			name = Release;
		};
		682A6EA01F72D95800141BB7 /* Debug */ = {
			isa = XCBuildConfiguration;
			baseConfigurationReference = EE524A06EB102649AA295D7D /* Pods-horoscopeUITests.debug.xcconfig */;
			buildSettings = {
				ALWAYS_EMBED_SWIFT_STANDARD_LIBRARIES = YES;
				INFOPLIST_FILE = horoscopeUITests/Info.plist;
				LD_RUNPATH_SEARCH_PATHS = "$(inherited) @executable_path/Frameworks @loader_path/Frameworks";
				PRODUCT_BUNDLE_IDENTIFIER = com.ureshineko.horoscopeUITests;
				PRODUCT_NAME = "$(TARGET_NAME)";
				SWIFT_VERSION = 3.0;
				TEST_TARGET_NAME = horoscope;
			};
			name = Debug;
		};
		682A6EA11F72D95800141BB7 /* Release */ = {
			isa = XCBuildConfiguration;
			baseConfigurationReference = 5F3EF5B8108B6AF6240E9B74 /* Pods-horoscopeUITests.release.xcconfig */;
			buildSettings = {
				ALWAYS_EMBED_SWIFT_STANDARD_LIBRARIES = YES;
				INFOPLIST_FILE = horoscopeUITests/Info.plist;
				LD_RUNPATH_SEARCH_PATHS = "$(inherited) @executable_path/Frameworks @loader_path/Frameworks";
				PRODUCT_BUNDLE_IDENTIFIER = com.ureshineko.horoscopeUITests;
				PRODUCT_NAME = "$(TARGET_NAME)";
				SWIFT_VERSION = 3.0;
				TEST_TARGET_NAME = horoscope;
			};
			name = Release;
		};
/* End XCBuildConfiguration section */

/* Begin XCConfigurationList section */
		682A6E691F72D95800141BB7 /* Build configuration list for PBXProject "horoscope" */ = {
			isa = XCConfigurationList;
			buildConfigurations = (
				682A6E971F72D95800141BB7 /* Debug */,
				682A6E981F72D95800141BB7 /* Release */,
			);
			defaultConfigurationIsVisible = 0;
			defaultConfigurationName = Release;
		};
		682A6E991F72D95800141BB7 /* Build configuration list for PBXNativeTarget "horoscope" */ = {
			isa = XCConfigurationList;
			buildConfigurations = (
				682A6E9A1F72D95800141BB7 /* Debug */,
				682A6E9B1F72D95800141BB7 /* Release */,
			);
			defaultConfigurationIsVisible = 0;
			defaultConfigurationName = Release;
		};
		682A6E9C1F72D95800141BB7 /* Build configuration list for PBXNativeTarget "horoscopeTests" */ = {
			isa = XCConfigurationList;
			buildConfigurations = (
				682A6E9D1F72D95800141BB7 /* Debug */,
				682A6E9E1F72D95800141BB7 /* Release */,
			);
			defaultConfigurationIsVisible = 0;
			defaultConfigurationName = Release;
		};
		682A6E9F1F72D95800141BB7 /* Build configuration list for PBXNativeTarget "horoscopeUITests" */ = {
			isa = XCConfigurationList;
			buildConfigurations = (
				682A6EA01F72D95800141BB7 /* Debug */,
				682A6EA11F72D95800141BB7 /* Release */,
			);
			defaultConfigurationIsVisible = 0;
			defaultConfigurationName = Release;
		};
/* End XCConfigurationList section */

/* Begin XCVersionGroup section */
		682A6E781F72D95800141BB7 /* horoscope.xcdatamodeld */ = {
			isa = XCVersionGroup;
			children = (
				682A6E791F72D95800141BB7 /* horoscope.xcdatamodel */,
			);
			currentVersion = 682A6E791F72D95800141BB7 /* horoscope.xcdatamodel */;
			path = horoscope.xcdatamodeld;
			sourceTree = "<group>";
			versionGroupType = wrapper.xcdatamodel;
		};
/* End XCVersionGroup section */
	};
	rootObject = 682A6E661F72D95800141BB7 /* Project object */;
}
